
Microsoft Visual Studio Solution File, Format Version 12.00
# Visual Studio Version 17
VisualStudioVersion = 17.14.36121.58
MinimumVisualStudioVersion = 10.0.40219.1
Project("{FAE04EC0-301F-11D3-BF4B-00C04F79EFBC}") = "CoachApp.API", "CoachApp.API\CoachApp.API.csproj", "{D9817A76-69D0-4FA6-8470-F8A1A8021B9D}"
EndProject
Project("{FAE04EC0-301F-11D3-BF4B-00C04F79EFBC}") = "CoachApp.DAL", "CoachApp.DAL\CoachApp.DAL.csproj", "{C57555BF-9290-4B07-B349-2CC72DC15573}"
EndProject
Project("{FAE04EC0-301F-11D3-BF4B-00C04F79EFBC}") = "CoachApp.Services", "CoachApp.Services\CoachApp.Services.csproj", "{02E9EE93-139D-4F2C-8EB8-061349113D96}"
EndProject
Project("{FAE04EC0-301F-11D3-BF4B-00C04F79EFBC}") = "CoachApp.DTO", "CoachApp.DTO\CoachApp.DTO.csproj", "{B12F9288-0AF4-49C1-88F9-AF042F6E0A82}"
EndProject
Project("{FAE04EC0-301F-11D3-BF4B-00C04F79EFBC}") = "CoachApp.Services.Tests", "CoachApp.Services.Tests\CoachApp.Services.Tests.csproj", "{376CAC63-00CF-4387-9413-901689877207}"
EndProject
Project("{FAE04EC0-301F-11D3-BF4B-00C04F79EFBC}") = "CoachApp.API.Tests", "CoachApp.API.Tests\CoachApp.API.Tests.csproj", "{71792873-259F-4B3C-B6DE-0E76C42F4B21}"
EndProject
Global
	GlobalSection(SolutionConfigurationPlatforms) = preSolution
		Debug|Any CPU = Debug|Any CPU
		Release|Any CPU = Release|Any CPU
	EndGlobalSection
	GlobalSection(ProjectConfigurationPlatforms) = postSolution
		{D9817A76-69D0-4FA6-8470-F8A1A8021B9D}.Debug|Any CPU.ActiveCfg = Debug|Any CPU
		{D9817A76-69D0-4FA6-8470-F8A1A8021B9D}.Debug|Any CPU.Build.0 = Debug|Any CPU
		{D9817A76-69D0-4FA6-8470-F8A1A8021B9D}.Release|Any CPU.ActiveCfg = Release|Any CPU
		{D9817A76-69D0-4FA6-8470-F8A1A8021B9D}.Release|Any CPU.Build.0 = Release|Any CPU
		{C57555BF-9290-4B07-B349-2CC72DC15573}.Debug|Any CPU.ActiveCfg = Debug|Any CPU
		{C57555BF-9290-4B07-B349-2CC72DC15573}.Debug|Any CPU.Build.0 = Debug|Any CPU
		{C57555BF-9290-4B07-B349-2CC72DC15573}.Release|Any CPU.ActiveCfg = Release|Any CPU
		{C57555BF-9290-4B07-B349-2CC72DC15573}.Release|Any CPU.Build.0 = Release|Any CPU
		{02E9EE93-139D-4F2C-8EB8-061349113D96}.Debug|Any CPU.ActiveCfg = Debug|Any CPU
		{02E9EE93-139D-4F2C-8EB8-061349113D96}.Debug|Any CPU.Build.0 = Debug|Any CPU
		{02E9EE93-139D-4F2C-8EB8-061349113D96}.Release|Any CPU.ActiveCfg = Release|Any CPU
		{02E9EE93-139D-4F2C-8EB8-061349113D96}.Release|Any CPU.Build.0 = Release|Any CPU
		{B12F9288-0AF4-49C1-88F9-AF042F6E0A82}.Debug|Any CPU.ActiveCfg = Debug|Any CPU
		{B12F9288-0AF4-49C1-88F9-AF042F6E0A82}.Debug|Any CPU.Build.0 = Debug|Any CPU
		{B12F9288-0AF4-49C1-88F9-AF042F6E0A82}.Release|Any CPU.ActiveCfg = Release|Any CPU
		{B12F9288-0AF4-49C1-88F9-AF042F6E0A82}.Release|Any CPU.Build.0 = Release|Any CPU
		{376CAC63-00CF-4387-9413-901689877207}.Debug|Any CPU.ActiveCfg = Debug|Any CPU
		{376CAC63-00CF-4387-9413-901689877207}.Debug|Any CPU.Build.0 = Debug|Any CPU
		{376CAC63-00CF-4387-9413-901689877207}.Release|Any CPU.ActiveCfg = Release|Any CPU
		{376CAC63-00CF-4387-9413-901689877207}.Release|Any CPU.Build.0 = Release|Any CPU
		{71792873-259F-4B3C-B6DE-0E76C42F4B21}.Debug|Any CPU.ActiveCfg = Debug|Any CPU
		{71792873-259F-4B3C-B6DE-0E76C42F4B21}.Debug|Any CPU.Build.0 = Debug|Any CPU
		{71792873-259F-4B3C-B6DE-0E76C42F4B21}.Release|Any CPU.ActiveCfg = Release|Any CPU
		{71792873-259F-4B3C-B6DE-0E76C42F4B21}.Release|Any CPU.Build.0 = Release|Any CPU
	EndGlobalSection
	GlobalSection(SolutionProperties) = preSolution
		HideSolutionNode = FALSE
	EndGlobalSection
	GlobalSection(ExtensibilityGlobals) = postSolution
		SolutionGuid = {910441D7-C9BE-4C58-81AC-4984E5EE7234}
	EndGlobalSection
EndGlobal
